
Microsoft Visual Studio Solution File, Format Version 12.00
# Visual Studio Version 16
VisualStudioVersion = 16.0.28803.202
MinimumVisualStudioVersion = 10.0.40219.1
Project("{FAE04EC0-301F-11D3-BF4B-00C04F79EFBC}") = "ALE-Biggest-Grids-Broadcast", "ALE-Biggest-Grids-Broadcast.csproj", "{6C6F181D-A518-4CD0-AEA1-6F4F05FDF1F5}"
EndProject
Global
	GlobalSection(SolutionConfigurationPlatforms) = preSolution
		Debug|Any CPU = Debug|Any CPU
		Release|Any CPU = Release|Any CPU
	EndGlobalSection
	GlobalSection(ProjectConfigurationPlatforms) = postSolution
		{6C6F181D-A518-4CD0-AEA1-6F4F05FDF1F5}.Debug|Any CPU.ActiveCfg = Debug|Any CPU
		{6C6F181D-A518-4CD0-AEA1-6F4F05FDF1F5}.Debug|Any CPU.Build.0 = Debug|Any CPU
		{6C6F181D-A518-4CD0-AEA1-6F4F05FDF1F5}.Release|Any CPU.ActiveCfg = Release|Any CPU
		{6C6F181D-A518-4CD0-AEA1-6F4F05FDF1F5}.Release|Any CPU.Build.0 = Release|Any CPU
	EndGlobalSection
	GlobalSection(SolutionProperties) = preSolution
		HideSolutionNode = FALSE
	EndGlobalSection
	GlobalSection(ExtensibilityGlobals) = postSolution
		SolutionGuid = {B9480A30-D981-44B3-87EE-9F124B8A5A71}
	EndGlobalSection
EndGlobal
